// !$*UTF8*$!
{
	archiveVersion = 1;
	classes = {
	};
	objectVersion = 48;
	objects = {

/* Begin PBXBuildFile section */
		3C53A971204F99970004D332 /* AppDelegate.m in Sources */ = {isa = PBXBuildFile; fileRef = 3C53A970204F99970004D332 /* AppDelegate.m */; };
		3C53A974204F99970004D332 /* ViewController.m in Sources */ = {isa = PBXBuildFile; fileRef = 3C53A973204F99970004D332 /* ViewController.m */; };
		3C53A977204F99970004D332 /* Main.storyboard in Resources */ = {isa = PBXBuildFile; fileRef = 3C53A975204F99970004D332 /* Main.storyboard */; };
		3C53A979204F99970004D332 /* Assets.xcassets in Resources */ = {isa = PBXBuildFile; fileRef = 3C53A978204F99970004D332 /* Assets.xcassets */; };
		3C53A97C204F99970004D332 /* LaunchScreen.storyboard in Resources */ = {isa = PBXBuildFile; fileRef = 3C53A97A204F99970004D332 /* LaunchScreen.storyboard */; };
		3C53A97F204F99970004D332 /* main.m in Sources */ = {isa = PBXBuildFile; fileRef = 3C53A97E204F99970004D332 /* main.m */; };
		3C53A9DE204FCC430004D332 /* NSObject+YRJObject.m in Sources */ = {isa = PBXBuildFile; fileRef = 3C53A9BA204FCC420004D332 /* NSObject+YRJObject.m */; };
		3C53A9DF204FCC430004D332 /* NSFileManager+YRJFilrManager.m in Sources */ = {isa = PBXBuildFile; fileRef = 3C53A9BF204FCC430004D332 /* NSFileManager+YRJFilrManager.m */; };
		3C53A9E0204FCC430004D332 /* NSTimer+YRJTimer.m in Sources */ = {isa = PBXBuildFile; fileRef = 3C53A9C0204FCC430004D332 /* NSTimer+YRJTimer.m */; };
		3C53A9E1204FCC430004D332 /* NSBundle+YRJBundle.m in Sources */ = {isa = PBXBuildFile; fileRef = 3C53A9C1204FCC430004D332 /* NSBundle+YRJBundle.m */; };
		3C53A9E2204FCC430004D332 /* NSMutableAttributedString+YRJMutableAttributedString.m in Sources */ = {isa = PBXBuildFile; fileRef = 3C53A9C8204FCC430004D332 /* NSMutableAttributedString+YRJMutableAttributedString.m */; };
		3C53A9E3204FCC430004D332 /* NSMutableArray+YRJMutableArray.m in Sources */ = {isa = PBXBuildFile; fileRef = 3C53A9CA204FCC430004D332 /* NSMutableArray+YRJMutableArray.m */; };
		3C53A9E4204FCC430004D332 /* NSString+YRJString.m in Sources */ = {isa = PBXBuildFile; fileRef = 3C53A9CD204FCC430004D332 /* NSString+YRJString.m */; };
		3C53A9E5204FCC430004D332 /* NSData+YRJData.m in Sources */ = {isa = PBXBuildFile; fileRef = 3C53A9CE204FCC430004D332 /* NSData+YRJData.m */; };
		3C53A9E6204FCC430004D332 /* NSAttributedString+YRJAttributedString.m in Sources */ = {isa = PBXBuildFile; fileRef = 3C53A9D2204FCC430004D332 /* NSAttributedString+YRJAttributedString.m */; };
		3C53A9E8204FCC430004D332 /* NSNumber+YRJNumber.m in Sources */ = {isa = PBXBuildFile; fileRef = 3C53A9D5204FCC430004D332 /* NSNumber+YRJNumber.m */; };
		3C53A9E9204FCC430004D332 /* NSArray+YRJArray.m in Sources */ = {isa = PBXBuildFile; fileRef = 3C53A9D6204FCC430004D332 /* NSArray+YRJArray.m */; };
		3C53A9EA204FCC430004D332 /* NSMutableDictionary+YRJMutableDictionary.m in Sources */ = {isa = PBXBuildFile; fileRef = 3C53A9D8204FCC430004D332 /* NSMutableDictionary+YRJMutableDictionary.m */; };
		3C53A9EB204FCC430004D332 /* NSDictionary+YRJDictionary.m in Sources */ = {isa = PBXBuildFile; fileRef = 3C53A9D9204FCC430004D332 /* NSDictionary+YRJDictionary.m */; };
		3C53A9EC204FCC430004D332 /* NSDate+YRJDate.m in Sources */ = {isa = PBXBuildFile; fileRef = 3C53A9DC204FCC430004D332 /* NSDate+YRJDate.m */; };
		3C53A9ED204FCC430004D332 /* NSURL+YRJUrl.m in Sources */ = {isa = PBXBuildFile; fileRef = 3C53A9DD204FCC430004D332 /* NSURL+YRJUrl.m */; };
		3C53A9F0204FD7F30004D332 /* UIView+YRJView.m in Sources */ = {isa = PBXBuildFile; fileRef = 3C53A9EF204FD7F30004D332 /* UIView+YRJView.m */; };
		3C53A9F6204FDF2D0004D332 /* UIImage+YRJImage.m in Sources */ = {isa = PBXBuildFile; fileRef = 3C53A9F5204FDF2D0004D332 /* UIImage+YRJImage.m */; };
		3C53A9F9204FE2BC0004D332 /* UIColor+YRJColor.m in Sources */ = {isa = PBXBuildFile; fileRef = 3C53A9F8204FE2BC0004D332 /* UIColor+YRJColor.m */; };
		3C53A9FC204FE3370004D332 /* UIButton+YRJButton.m in Sources */ = {isa = PBXBuildFile; fileRef = 3C53A9FB204FE3370004D332 /* UIButton+YRJButton.m */; };
		3C53AA03204FE62B0004D332 /* UITableView+YRJTableView.m in Sources */ = {isa = PBXBuildFile; fileRef = 3C53AA02204FE62B0004D332 /* UITableView+YRJTableView.m */; };
		3C53AA06204FEBAB0004D332 /* UIScrollView+YRJScrollView.m in Sources */ = {isa = PBXBuildFile; fileRef = 3C53AA05204FEBAB0004D332 /* UIScrollView+YRJScrollView.m */; };
		3C53AA09204FEE7D0004D332 /* NSNotificationCenter+YRJNotificationCenter.m in Sources */ = {isa = PBXBuildFile; fileRef = 3C53AA08204FEE7D0004D332 /* NSNotificationCenter+YRJNotificationCenter.m */; };
		3C53AA0C204FEF600004D332 /* UIBarButtonItem+YRJBarButtonItem.m in Sources */ = {isa = PBXBuildFile; fileRef = 3C53AA0B204FEF600004D332 /* UIBarButtonItem+YRJBarButtonItem.m */; };
		3C53AA12204FF1EE0004D332 /* UIGestureRecognizer+YRJGestureRecognizer.m in Sources */ = {isa = PBXBuildFile; fileRef = 3C53AA11204FF1EE0004D332 /* UIGestureRecognizer+YRJGestureRecognizer.m */; };
		3C53AA15204FF3B60004D332 /* UIDevice+YRJDevice.m in Sources */ = {isa = PBXBuildFile; fileRef = 3C53AA14204FF3B60004D332 /* UIDevice+YRJDevice.m */; };
		3C53AA19204FF5F00004D332 /* YRJTools.m in Sources */ = {isa = PBXBuildFile; fileRef = 3C53AA18204FF5F00004D332 /* YRJTools.m */; };
/* End PBXBuildFile section */

/* Begin PBXFileReference section */
		3C53A96C204F99970004D332 /* YRJKit.app */ = {isa = PBXFileReference; explicitFileType = wrapper.application; includeInIndex = 0; path = YRJKit.app; sourceTree = BUILT_PRODUCTS_DIR; };
		3C53A96F204F99970004D332 /* AppDelegate.h */ = {isa = PBXFileReference; lastKnownFileType = sourcecode.c.h; path = AppDelegate.h; sourceTree = "<group>"; };
		3C53A970204F99970004D332 /* AppDelegate.m */ = {isa = PBXFileReference; lastKnownFileType = sourcecode.c.objc; path = AppDelegate.m; sourceTree = "<group>"; };
		3C53A972204F99970004D332 /* ViewController.h */ = {isa = PBXFileReference; lastKnownFileType = sourcecode.c.h; path = ViewController.h; sourceTree = "<group>"; };
		3C53A973204F99970004D332 /* ViewController.m */ = {isa = PBXFileReference; lastKnownFileType = sourcecode.c.objc; path = ViewController.m; sourceTree = "<group>"; };
		3C53A976204F99970004D332 /* Base */ = {isa = PBXFileReference; lastKnownFileType = file.storyboard; name = Base; path = Base.lproj/Main.storyboard; sourceTree = "<group>"; };
		3C53A978204F99970004D332 /* Assets.xcassets */ = {isa = PBXFileReference; lastKnownFileType = folder.assetcatalog; path = Assets.xcassets; sourceTree = "<group>"; };
		3C53A97B204F99970004D332 /* Base */ = {isa = PBXFileReference; lastKnownFileType = file.storyboard; name = Base; path = Base.lproj/LaunchScreen.storyboard; sourceTree = "<group>"; };
		3C53A97D204F99970004D332 /* Info.plist */ = {isa = PBXFileReference; lastKnownFileType = text.plist.xml; path = Info.plist; sourceTree = "<group>"; };
		3C53A97E204F99970004D332 /* main.m */ = {isa = PBXFileReference; lastKnownFileType = sourcecode.c.objc; path = main.m; sourceTree = "<group>"; };
		3C53A9BA204FCC420004D332 /* NSObject+YRJObject.m */ = {isa = PBXFileReference; fileEncoding = 4; lastKnownFileType = sourcecode.c.objc; path = "NSObject+YRJObject.m"; sourceTree = "<group>"; };
		3C53A9BB204FCC420004D332 /* YRJDefine.h */ = {isa = PBXFileReference; fileEncoding = 4; lastKnownFileType = sourcecode.c.h; path = YRJDefine.h; sourceTree = "<group>"; };
		3C53A9BC204FCC420004D332 /* YRJKit.h */ = {isa = PBXFileReference; fileEncoding = 4; lastKnownFileType = sourcecode.c.h; path = YRJKit.h; sourceTree = "<group>"; };
		3C53A9BD204FCC420004D332 /* NSObject+YRJObject.h */ = {isa = PBXFileReference; fileEncoding = 4; lastKnownFileType = sourcecode.c.h; path = "NSObject+YRJObject.h"; sourceTree = "<group>"; };
		3C53A9BF204FCC430004D332 /* NSFileManager+YRJFilrManager.m */ = {isa = PBXFileReference; fileEncoding = 4; lastKnownFileType = sourcecode.c.objc; path = "NSFileManager+YRJFilrManager.m"; sourceTree = "<group>"; };
		3C53A9C0204FCC430004D332 /* NSTimer+YRJTimer.m */ = {isa = PBXFileReference; fileEncoding = 4; lastKnownFileType = sourcecode.c.objc; path = "NSTimer+YRJTimer.m"; sourceTree = "<group>"; };
		3C53A9C1204FCC430004D332 /* NSBundle+YRJBundle.m */ = {isa = PBXFileReference; fileEncoding = 4; lastKnownFileType = sourcecode.c.objc; path = "NSBundle+YRJBundle.m"; sourceTree = "<group>"; };
		3C53A9C2204FCC430004D332 /* NSFileManager+YRJFilrManager.h */ = {isa = PBXFileReference; fileEncoding = 4; lastKnownFileType = sourcecode.c.h; path = "NSFileManager+YRJFilrManager.h"; sourceTree = "<group>"; };
		3C53A9C3204FCC430004D332 /* NSBundle+YRJBundle.h */ = {isa = PBXFileReference; fileEncoding = 4; lastKnownFileType = sourcecode.c.h; path = "NSBundle+YRJBundle.h"; sourceTree = "<group>"; };
		3C53A9C4204FCC430004D332 /* NSTimer+YRJTimer.h */ = {isa = PBXFileReference; fileEncoding = 4; lastKnownFileType = sourcecode.c.h; path = "NSTimer+YRJTimer.h"; sourceTree = "<group>"; };
		3C53A9C6204FCC430004D332 /* NSNumber+YRJNumber.h */ = {isa = PBXFileReference; fileEncoding = 4; lastKnownFileType = sourcecode.c.h; path = "NSNumber+YRJNumber.h"; sourceTree = "<group>"; };
		3C53A9C8204FCC430004D332 /* NSMutableAttributedString+YRJMutableAttributedString.m */ = {isa = PBXFileReference; fileEncoding = 4; lastKnownFileType = sourcecode.c.objc; path = "NSMutableAttributedString+YRJMutableAttributedString.m"; sourceTree = "<group>"; };
		3C53A9C9204FCC430004D332 /* NSAttributedString+YRJAttributedString.h */ = {isa = PBXFileReference; fileEncoding = 4; lastKnownFileType = sourcecode.c.h; path = "NSAttributedString+YRJAttributedString.h"; sourceTree = "<group>"; };
		3C53A9CA204FCC430004D332 /* NSMutableArray+YRJMutableArray.m */ = {isa = PBXFileReference; fileEncoding = 4; lastKnownFileType = sourcecode.c.objc; path = "NSMutableArray+YRJMutableArray.m"; sourceTree = "<group>"; };
		3C53A9CB204FCC430004D332 /* NSMutableDictionary+YRJMutableDictionary.h */ = {isa = PBXFileReference; fileEncoding = 4; lastKnownFileType = sourcecode.c.h; path = "NSMutableDictionary+YRJMutableDictionary.h"; sourceTree = "<group>"; };
		3C53A9CC204FCC430004D332 /* NSArray+YRJArray.h */ = {isa = PBXFileReference; fileEncoding = 4; lastKnownFileType = sourcecode.c.h; path = "NSArray+YRJArray.h"; sourceTree = "<group>"; };
		3C53A9CD204FCC430004D332 /* NSString+YRJString.m */ = {isa = PBXFileReference; fileEncoding = 4; lastKnownFileType = sourcecode.c.objc; path = "NSString+YRJString.m"; sourceTree = "<group>"; };
		3C53A9CE204FCC430004D332 /* NSData+YRJData.m */ = {isa = PBXFileReference; fileEncoding = 4; lastKnownFileType = sourcecode.c.objc; path = "NSData+YRJData.m"; sourceTree = "<group>"; };
		3C53A9CF204FCC430004D332 /* NSDictionary+YRJDictionary.h */ = {isa = PBXFileReference; fileEncoding = 4; lastKnownFileType = sourcecode.c.h; path = "NSDictionary+YRJDictionary.h"; sourceTree = "<group>"; };
		3C53A9D0204FCC430004D332 /* NSURL+YRJUrl.h */ = {isa = PBXFileReference; fileEncoding = 4; lastKnownFileType = sourcecode.c.h; path = "NSURL+YRJUrl.h"; sourceTree = "<group>"; };
		3C53A9D1204FCC430004D332 /* NSDate+YRJDate.h */ = {isa = PBXFileReference; fileEncoding = 4; lastKnownFileType = sourcecode.c.h; path = "NSDate+YRJDate.h"; sourceTree = "<group>"; };
		3C53A9D2204FCC430004D332 /* NSAttributedString+YRJAttributedString.m */ = {isa = PBXFileReference; fileEncoding = 4; lastKnownFileType = sourcecode.c.objc; path = "NSAttributedString+YRJAttributedString.m"; sourceTree = "<group>"; };
		3C53A9D4204FCC430004D332 /* NSMutableAttributedString+YRJMutableAttributedString.h */ = {isa = PBXFileReference; fileEncoding = 4; lastKnownFileType = sourcecode.c.h; path = "NSMutableAttributedString+YRJMutableAttributedString.h"; sourceTree = "<group>"; };
		3C53A9D5204FCC430004D332 /* NSNumber+YRJNumber.m */ = {isa = PBXFileReference; fileEncoding = 4; lastKnownFileType = sourcecode.c.objc; path = "NSNumber+YRJNumber.m"; sourceTree = "<group>"; };
		3C53A9D6204FCC430004D332 /* NSArray+YRJArray.m */ = {isa = PBXFileReference; fileEncoding = 4; lastKnownFileType = sourcecode.c.objc; path = "NSArray+YRJArray.m"; sourceTree = "<group>"; };
		3C53A9D7204FCC430004D332 /* NSMutableArray+YRJMutableArray.h */ = {isa = PBXFileReference; fileEncoding = 4; lastKnownFileType = sourcecode.c.h; path = "NSMutableArray+YRJMutableArray.h"; sourceTree = "<group>"; };
		3C53A9D8204FCC430004D332 /* NSMutableDictionary+YRJMutableDictionary.m */ = {isa = PBXFileReference; fileEncoding = 4; lastKnownFileType = sourcecode.c.objc; path = "NSMutableDictionary+YRJMutableDictionary.m"; sourceTree = "<group>"; };
		3C53A9D9204FCC430004D332 /* NSDictionary+YRJDictionary.m */ = {isa = PBXFileReference; fileEncoding = 4; lastKnownFileType = sourcecode.c.objc; path = "NSDictionary+YRJDictionary.m"; sourceTree = "<group>"; };
		3C53A9DA204FCC430004D332 /* NSData+YRJData.h */ = {isa = PBXFileReference; fileEncoding = 4; lastKnownFileType = sourcecode.c.h; path = "NSData+YRJData.h"; sourceTree = "<group>"; };
		3C53A9DB204FCC430004D332 /* NSString+YRJString.h */ = {isa = PBXFileReference; fileEncoding = 4; lastKnownFileType = sourcecode.c.h; path = "NSString+YRJString.h"; sourceTree = "<group>"; };
		3C53A9DC204FCC430004D332 /* NSDate+YRJDate.m */ = {isa = PBXFileReference; fileEncoding = 4; lastKnownFileType = sourcecode.c.objc; path = "NSDate+YRJDate.m"; sourceTree = "<group>"; };
		3C53A9DD204FCC430004D332 /* NSURL+YRJUrl.m */ = {isa = PBXFileReference; fileEncoding = 4; lastKnownFileType = sourcecode.c.objc; path = "NSURL+YRJUrl.m"; sourceTree = "<group>"; };
		3C53A9EE204FD7F30004D332 /* UIView+YRJView.h */ = {isa = PBXFileReference; lastKnownFileType = sourcecode.c.h; path = "UIView+YRJView.h"; sourceTree = "<group>"; };
		3C53A9EF204FD7F30004D332 /* UIView+YRJView.m */ = {isa = PBXFileReference; lastKnownFileType = sourcecode.c.objc; path = "UIView+YRJView.m"; sourceTree = "<group>"; };
		3C53A9F4204FDF2D0004D332 /* UIImage+YRJImage.h */ = {isa = PBXFileReference; lastKnownFileType = sourcecode.c.h; path = "UIImage+YRJImage.h"; sourceTree = "<group>"; };
		3C53A9F5204FDF2D0004D332 /* UIImage+YRJImage.m */ = {isa = PBXFileReference; lastKnownFileType = sourcecode.c.objc; path = "UIImage+YRJImage.m"; sourceTree = "<group>"; };
		3C53A9F7204FE2BC0004D332 /* UIColor+YRJColor.h */ = {isa = PBXFileReference; lastKnownFileType = sourcecode.c.h; path = "UIColor+YRJColor.h"; sourceTree = "<group>"; };
		3C53A9F8204FE2BC0004D332 /* UIColor+YRJColor.m */ = {isa = PBXFileReference; lastKnownFileType = sourcecode.c.objc; path = "UIColor+YRJColor.m"; sourceTree = "<group>"; };
		3C53A9FA204FE3370004D332 /* UIButton+YRJButton.h */ = {isa = PBXFileReference; lastKnownFileType = sourcecode.c.h; path = "UIButton+YRJButton.h"; sourceTree = "<group>"; };
		3C53A9FB204FE3370004D332 /* UIButton+YRJButton.m */ = {isa = PBXFileReference; lastKnownFileType = sourcecode.c.objc; path = "UIButton+YRJButton.m"; sourceTree = "<group>"; };
		3C53AA01204FE62B0004D332 /* UITableView+YRJTableView.h */ = {isa = PBXFileReference; lastKnownFileType = sourcecode.c.h; path = "UITableView+YRJTableView.h"; sourceTree = "<group>"; };
		3C53AA02204FE62B0004D332 /* UITableView+YRJTableView.m */ = {isa = PBXFileReference; lastKnownFileType = sourcecode.c.objc; path = "UITableView+YRJTableView.m"; sourceTree = "<group>"; };
		3C53AA04204FEBAB0004D332 /* UIScrollView+YRJScrollView.h */ = {isa = PBXFileReference; lastKnownFileType = sourcecode.c.h; path = "UIScrollView+YRJScrollView.h"; sourceTree = "<group>"; };
		3C53AA05204FEBAB0004D332 /* UIScrollView+YRJScrollView.m */ = {isa = PBXFileReference; lastKnownFileType = sourcecode.c.objc; path = "UIScrollView+YRJScrollView.m"; sourceTree = "<group>"; };
		3C53AA07204FEE7D0004D332 /* NSNotificationCenter+YRJNotificationCenter.h */ = {isa = PBXFileReference; lastKnownFileType = sourcecode.c.h; path = "NSNotificationCenter+YRJNotificationCenter.h"; sourceTree = "<group>"; };
		3C53AA08204FEE7D0004D332 /* NSNotificationCenter+YRJNotificationCenter.m */ = {isa = PBXFileReference; lastKnownFileType = sourcecode.c.objc; path = "NSNotificationCenter+YRJNotificationCenter.m"; sourceTree = "<group>"; };
		3C53AA0A204FEF600004D332 /* UIBarButtonItem+YRJBarButtonItem.h */ = {isa = PBXFileReference; lastKnownFileType = sourcecode.c.h; path = "UIBarButtonItem+YRJBarButtonItem.h"; sourceTree = "<group>"; };
		3C53AA0B204FEF600004D332 /* UIBarButtonItem+YRJBarButtonItem.m */ = {isa = PBXFileReference; lastKnownFileType = sourcecode.c.objc; path = "UIBarButtonItem+YRJBarButtonItem.m"; sourceTree = "<group>"; };
		3C53AA10204FF1EE0004D332 /* UIGestureRecognizer+YRJGestureRecognizer.h */ = {isa = PBXFileReference; lastKnownFileType = sourcecode.c.h; path = "UIGestureRecognizer+YRJGestureRecognizer.h"; sourceTree = "<group>"; };
		3C53AA11204FF1EE0004D332 /* UIGestureRecognizer+YRJGestureRecognizer.m */ = {isa = PBXFileReference; lastKnownFileType = sourcecode.c.objc; path = "UIGestureRecognizer+YRJGestureRecognizer.m"; sourceTree = "<group>"; };
		3C53AA13204FF3B60004D332 /* UIDevice+YRJDevice.h */ = {isa = PBXFileReference; lastKnownFileType = sourcecode.c.h; path = "UIDevice+YRJDevice.h"; sourceTree = "<group>"; };
		3C53AA14204FF3B60004D332 /* UIDevice+YRJDevice.m */ = {isa = PBXFileReference; lastKnownFileType = sourcecode.c.objc; path = "UIDevice+YRJDevice.m"; sourceTree = "<group>"; };
		3C53AA17204FF5F00004D332 /* YRJTools.h */ = {isa = PBXFileReference; lastKnownFileType = sourcecode.c.h; path = YRJTools.h; sourceTree = "<group>"; };
		3C53AA18204FF5F00004D332 /* YRJTools.m */ = {isa = PBXFileReference; lastKnownFileType = sourcecode.c.objc; path = YRJTools.m; sourceTree = "<group>"; };
/* End PBXFileReference section */

/* Begin PBXFrameworksBuildPhase section */
		3C53A969204F99970004D332 /* Frameworks */ = {
			isa = PBXFrameworksBuildPhase;
			buildActionMask = 2147483647;
			files = (
			);
			runOnlyForDeploymentPostprocessing = 0;
		};
/* End PBXFrameworksBuildPhase section */

/* Begin PBXGroup section */
		3C53A963204F99970004D332 = {
			isa = PBXGroup;
			children = (
				3C53A96E204F99970004D332 /* YRJKit */,
				3C53A96D204F99970004D332 /* Products */,
			);
			sourceTree = "<group>";
		};
		3C53A96D204F99970004D332 /* Products */ = {
			isa = PBXGroup;
			children = (
				3C53A96C204F99970004D332 /* YRJKit.app */,
			);
			name = Products;
			sourceTree = "<group>";
		};
		3C53A96E204F99970004D332 /* YRJKit */ = {
			isa = PBXGroup;
			children = (
				3C53A985204F99E30004D332 /* YRJKit */,
				3C53A96F204F99970004D332 /* AppDelegate.h */,
				3C53A970204F99970004D332 /* AppDelegate.m */,
				3C53A972204F99970004D332 /* ViewController.h */,
				3C53A973204F99970004D332 /* ViewController.m */,
				3C53A975204F99970004D332 /* Main.storyboard */,
				3C53A978204F99970004D332 /* Assets.xcassets */,
				3C53A97A204F99970004D332 /* LaunchScreen.storyboard */,
				3C53A97D204F99970004D332 /* Info.plist */,
				3C53A97E204F99970004D332 /* main.m */,
			);
			path = YRJKit;
			sourceTree = "<group>";
		};
		3C53A985204F99E30004D332 /* YRJKit */ = {
			isa = PBXGroup;
			children = (
				3C53AA16204FF5D00004D332 /* YRJTools */,
				3C53A9B9204FCC420004D332 /* YRJBaseClasses */,
				3C53A9C5204FCC430004D332 /* YRJDataClasses */,
				3C53A9BE204FCC430004D332 /* YRJOtherClasses */,
				3C53A9B8204FCC420004D332 /* YRJViewClasses */,
			);
			path = YRJKit;
			sourceTree = "<group>";
		};
		3C53A9B8204FCC420004D332 /* YRJViewClasses */ = {
			isa = PBXGroup;
			children = (
				3C53A9EE204FD7F30004D332 /* UIView+YRJView.h */,
				3C53A9EF204FD7F30004D332 /* UIView+YRJView.m */,
				3C53A9FA204FE3370004D332 /* UIButton+YRJButton.h */,
				3C53A9FB204FE3370004D332 /* UIButton+YRJButton.m */,
				3C53AA01204FE62B0004D332 /* UITableView+YRJTableView.h */,
				3C53AA02204FE62B0004D332 /* UITableView+YRJTableView.m */,
				3C53AA04204FEBAB0004D332 /* UIScrollView+YRJScrollView.h */,
				3C53AA05204FEBAB0004D332 /* UIScrollView+YRJScrollView.m */,
				3C53AA0A204FEF600004D332 /* UIBarButtonItem+YRJBarButtonItem.h */,
				3C53AA0B204FEF600004D332 /* UIBarButtonItem+YRJBarButtonItem.m */,
			);
			path = YRJViewClasses;
			sourceTree = "<group>";
		};
		3C53A9B9204FCC420004D332 /* YRJBaseClasses */ = {
			isa = PBXGroup;
			children = (
				3C53A9BC204FCC420004D332 /* YRJKit.h */,
				3C53A9BB204FCC420004D332 /* YRJDefine.h */,
				3C53A9BD204FCC420004D332 /* NSObject+YRJObject.h */,
				3C53A9BA204FCC420004D332 /* NSObject+YRJObject.m */,
			);
			path = YRJBaseClasses;
			sourceTree = "<group>";
		};
		3C53A9BE204FCC430004D332 /* YRJOtherClasses */ = {
			isa = PBXGroup;
			children = (
				3C53A9C3204FCC430004D332 /* NSBundle+YRJBundle.h */,
				3C53A9C1204FCC430004D332 /* NSBundle+YRJBundle.m */,
				3C53A9C4204FCC430004D332 /* NSTimer+YRJTimer.h */,
				3C53A9C0204FCC430004D332 /* NSTimer+YRJTimer.m */,
				3C53A9C2204FCC430004D332 /* NSFileManager+YRJFilrManager.h */,
				3C53A9BF204FCC430004D332 /* NSFileManager+YRJFilrManager.m */,
				3C53AA07204FEE7D0004D332 /* NSNotificationCenter+YRJNotificationCenter.h */,
				3C53AA08204FEE7D0004D332 /* NSNotificationCenter+YRJNotificationCenter.m */,
				3C53AA10204FF1EE0004D332 /* UIGestureRecognizer+YRJGestureRecognizer.h */,
				3C53AA11204FF1EE0004D332 /* UIGestureRecognizer+YRJGestureRecognizer.m */,
				3C53AA13204FF3B60004D332 /* UIDevice+YRJDevice.h */,
				3C53AA14204FF3B60004D332 /* UIDevice+YRJDevice.m */,
			);
			path = YRJOtherClasses;
			sourceTree = "<group>";
		};
		3C53A9C5204FCC430004D332 /* YRJDataClasses */ = {
			isa = PBXGroup;
			children = (
				3C53A9D0204FCC430004D332 /* NSURL+YRJUrl.h */,
				3C53A9DD204FCC430004D332 /* NSURL+YRJUrl.m */,
				3C53A9C6204FCC430004D332 /* NSNumber+YRJNumber.h */,
				3C53A9D5204FCC430004D332 /* NSNumber+YRJNumber.m */,
				3C53A9C9204FCC430004D332 /* NSAttributedString+YRJAttributedString.h */,
				3C53A9D2204FCC430004D332 /* NSAttributedString+YRJAttributedString.m */,
				3C53A9D4204FCC430004D332 /* NSMutableAttributedString+YRJMutableAttributedString.h */,
				3C53A9C8204FCC430004D332 /* NSMutableAttributedString+YRJMutableAttributedString.m */,
				3C53A9D7204FCC430004D332 /* NSMutableArray+YRJMutableArray.h */,
				3C53A9CA204FCC430004D332 /* NSMutableArray+YRJMutableArray.m */,
				3C53A9CB204FCC430004D332 /* NSMutableDictionary+YRJMutableDictionary.h */,
				3C53A9D8204FCC430004D332 /* NSMutableDictionary+YRJMutableDictionary.m */,
				3C53A9CF204FCC430004D332 /* NSDictionary+YRJDictionary.h */,
				3C53A9D9204FCC430004D332 /* NSDictionary+YRJDictionary.m */,
				3C53A9CC204FCC430004D332 /* NSArray+YRJArray.h */,
				3C53A9D6204FCC430004D332 /* NSArray+YRJArray.m */,
				3C53A9DB204FCC430004D332 /* NSString+YRJString.h */,
				3C53A9CD204FCC430004D332 /* NSString+YRJString.m */,
				3C53A9DA204FCC430004D332 /* NSData+YRJData.h */,
				3C53A9CE204FCC430004D332 /* NSData+YRJData.m */,
				3C53A9D1204FCC430004D332 /* NSDate+YRJDate.h */,
				3C53A9DC204FCC430004D332 /* NSDate+YRJDate.m */,
				3C53A9F4204FDF2D0004D332 /* UIImage+YRJImage.h */,
				3C53A9F5204FDF2D0004D332 /* UIImage+YRJImage.m */,
				3C53A9F7204FE2BC0004D332 /* UIColor+YRJColor.h */,
				3C53A9F8204FE2BC0004D332 /* UIColor+YRJColor.m */,
			);
			path = YRJDataClasses;
			sourceTree = "<group>";
		};
		3C53AA16204FF5D00004D332 /* YRJTools */ = {
			isa = PBXGroup;
			children = (
				3C53AA17204FF5F00004D332 /* YRJTools.h */,
				3C53AA18204FF5F00004D332 /* YRJTools.m */,
			);
			path = YRJTools;
			sourceTree = "<group>";
		};
/* End PBXGroup section */

/* Begin PBXNativeTarget section */
		3C53A96B204F99970004D332 /* YRJKit */ = {
			isa = PBXNativeTarget;
			buildConfigurationList = 3C53A982204F99970004D332 /* Build configuration list for PBXNativeTarget "YRJKit" */;
			buildPhases = (
				3C53A968204F99970004D332 /* Sources */,
				3C53A969204F99970004D332 /* Frameworks */,
				3C53A96A204F99970004D332 /* Resources */,
			);
			buildRules = (
			);
			dependencies = (
			);
			name = YRJKit;
			productName = YRJKit;
			productReference = 3C53A96C204F99970004D332 /* YRJKit.app */;
			productType = "com.apple.product-type.application";
		};
/* End PBXNativeTarget section */

/* Begin PBXProject section */
		3C53A964204F99970004D332 /* Project object */ = {
			isa = PBXProject;
			attributes = {
				LastUpgradeCheck = 0920;
				ORGANIZATIONNAME = yurenjie;
				TargetAttributes = {
					3C53A96B204F99970004D332 = {
						CreatedOnToolsVersion = 9.2;
						ProvisioningStyle = Automatic;
					};
				};
			};
			buildConfigurationList = 3C53A967204F99970004D332 /* Build configuration list for PBXProject "YRJKit" */;
			compatibilityVersion = "Xcode 8.0";
			developmentRegion = en;
			hasScannedForEncodings = 0;
			knownRegions = (
				en,
				Base,
			);
			mainGroup = 3C53A963204F99970004D332;
			productRefGroup = 3C53A96D204F99970004D332 /* Products */;
			projectDirPath = "";
			projectRoot = "";
			targets = (
				3C53A96B204F99970004D332 /* YRJKit */,
			);
		};
/* End PBXProject section */

/* Begin PBXResourcesBuildPhase section */
		3C53A96A204F99970004D332 /* Resources */ = {
			isa = PBXResourcesBuildPhase;
			buildActionMask = 2147483647;
			files = (
				3C53A97C204F99970004D332 /* LaunchScreen.storyboard in Resources */,
				3C53A979204F99970004D332 /* Assets.xcassets in Resources */,
				3C53A977204F99970004D332 /* Main.storyboard in Resources */,
			);
			runOnlyForDeploymentPostprocessing = 0;
		};
/* End PBXResourcesBuildPhase section */

/* Begin PBXSourcesBuildPhase section */
		3C53A968204F99970004D332 /* Sources */ = {
			isa = PBXSourcesBuildPhase;
			buildActionMask = 2147483647;
			files = (
				3C53A9ED204FCC430004D332 /* NSURL+YRJUrl.m in Sources */,
				3C53AA06204FEBAB0004D332 /* UIScrollView+YRJScrollView.m in Sources */,
				3C53A9E4204FCC430004D332 /* NSString+YRJString.m in Sources */,
				3C53A9E0204FCC430004D332 /* NSTimer+YRJTimer.m in Sources */,
				3C53A9E8204FCC430004D332 /* NSNumber+YRJNumber.m in Sources */,
				3C53A9E6204FCC430004D332 /* NSAttributedString+YRJAttributedString.m in Sources */,
				3C53AA12204FF1EE0004D332 /* UIGestureRecognizer+YRJGestureRecognizer.m in Sources */,
				3C53A974204F99970004D332 /* ViewController.m in Sources */,
				3C53AA03204FE62B0004D332 /* UITableView+YRJTableView.m in Sources */,
				3C53AA15204FF3B60004D332 /* UIDevice+YRJDevice.m in Sources */,
				3C53A9E1204FCC430004D332 /* NSBundle+YRJBundle.m in Sources */,
				3C53A9EA204FCC430004D332 /* NSMutableDictionary+YRJMutableDictionary.m in Sources */,
				3C53A97F204F99970004D332 /* main.m in Sources */,
				3C53AA0C204FEF600004D332 /* UIBarButtonItem+YRJBarButtonItem.m in Sources */,
				3C53A9EC204FCC430004D332 /* NSDate+YRJDate.m in Sources */,
				3C53A9E2204FCC430004D332 /* NSMutableAttributedString+YRJMutableAttributedString.m in Sources */,
				3C53AA19204FF5F00004D332 /* YRJTools.m in Sources */,
				3C53A9EB204FCC430004D332 /* NSDictionary+YRJDictionary.m in Sources */,
				3C53A9DF204FCC430004D332 /* NSFileManager+YRJFilrManager.m in Sources */,
				3C53A9E3204FCC430004D332 /* NSMutableArray+YRJMutableArray.m in Sources */,
				3C53A9F0204FD7F30004D332 /* UIView+YRJView.m in Sources */,
				3C53A9DE204FCC430004D332 /* NSObject+YRJObject.m in Sources */,
				3C53AA09204FEE7D0004D332 /* NSNotificationCenter+YRJNotificationCenter.m in Sources */,
				3C53A9E5204FCC430004D332 /* NSData+YRJData.m in Sources */,
				3C53A971204F99970004D332 /* AppDelegate.m in Sources */,
				3C53A9F6204FDF2D0004D332 /* UIImage+YRJImage.m in Sources */,
				3C53A9E9204FCC430004D332 /* NSArray+YRJArray.m in Sources */,
				3C53A9F9204FE2BC0004D332 /* UIColor+YRJColor.m in Sources */,
				3C53A9FC204FE3370004D332 /* UIButton+YRJButton.m in Sources */,
			);
			runOnlyForDeploymentPostprocessing = 0;
		};
/* End PBXSourcesBuildPhase section */

/* Begin PBXVariantGroup section */
		3C53A975204F99970004D332 /* Main.storyboard */ = {
			isa = PBXVariantGroup;
			children = (
				3C53A976204F99970004D332 /* Base */,
			);
			name = Main.storyboard;
			sourceTree = "<group>";
		};
		3C53A97A204F99970004D332 /* LaunchScreen.storyboard */ = {
			isa = PBXVariantGroup;
			children = (
				3C53A97B204F99970004D332 /* Base */,
			);
			name = LaunchScreen.storyboard;
			sourceTree = "<group>";
		};
/* End PBXVariantGroup section */

/* Begin XCBuildConfiguration section */
		3C53A980204F99970004D332 /* Debug */ = {
			isa = XCBuildConfiguration;
			buildSettings = {
				ALWAYS_SEARCH_USER_PATHS = NO;
				CLANG_ANALYZER_NONNULL = YES;
				CLANG_ANALYZER_NUMBER_OBJECT_CONVERSION = YES_AGGRESSIVE;
				CLANG_CXX_LANGUAGE_STANDARD = "gnu++14";
				CLANG_CXX_LIBRARY = "libc++";
				CLANG_ENABLE_MODULES = YES;
				CLANG_ENABLE_OBJC_ARC = YES;
				CLANG_WARN_BLOCK_CAPTURE_AUTORELEASING = YES;
				CLANG_WARN_BOOL_CONVERSION = YES;
				CLANG_WARN_COMMA = YES;
				CLANG_WARN_CONSTANT_CONVERSION = YES;
				CLANG_WARN_DIRECT_OBJC_ISA_USAGE = YES_ERROR;
				CLANG_WARN_DOCUMENTATION_COMMENTS = YES;
				CLANG_WARN_EMPTY_BODY = YES;
				CLANG_WARN_ENUM_CONVERSION = YES;
				CLANG_WARN_INFINITE_RECURSION = YES;
				CLANG_WARN_INT_CONVERSION = YES;
				CLANG_WARN_NON_LITERAL_NULL_CONVERSION = YES;
				CLANG_WARN_OBJC_LITERAL_CONVERSION = YES;
				CLANG_WARN_OBJC_ROOT_CLASS = YES_ERROR;
				CLANG_WARN_RANGE_LOOP_ANALYSIS = YES;
				CLANG_WARN_STRICT_PROTOTYPES = YES;
				CLANG_WARN_SUSPICIOUS_MOVE = YES;
				CLANG_WARN_UNGUARDED_AVAILABILITY = YES_AGGRESSIVE;
				CLANG_WARN_UNREACHABLE_CODE = YES;
				CLANG_WARN__DUPLICATE_METHOD_MATCH = YES;
				CODE_SIGN_IDENTITY = "iPhone Developer";
				COPY_PHASE_STRIP = NO;
				DEBUG_INFORMATION_FORMAT = dwarf;
				ENABLE_STRICT_OBJC_MSGSEND = YES;
				ENABLE_TESTABILITY = YES;
				GCC_C_LANGUAGE_STANDARD = gnu11;
				GCC_DYNAMIC_NO_PIC = NO;
				GCC_NO_COMMON_BLOCKS = YES;
				GCC_OPTIMIZATION_LEVEL = 0;
				GCC_PREPROCESSOR_DEFINITIONS = (
					"DEBUG=1",
					"$(inherited)",
				);
				GCC_WARN_64_TO_32_BIT_CONVERSION = YES;
				GCC_WARN_ABOUT_RETURN_TYPE = YES_ERROR;
				GCC_WARN_UNDECLARED_SELECTOR = YES;
				GCC_WARN_UNINITIALIZED_AUTOS = YES_AGGRESSIVE;
				GCC_WARN_UNUSED_FUNCTION = YES;
				GCC_WARN_UNUSED_VARIABLE = YES;
				IPHONEOS_DEPLOYMENT_TARGET = 11.2;
				MTL_ENABLE_DEBUG_INFO = YES;
				ONLY_ACTIVE_ARCH = YES;
				SDKROOT = iphoneos;
			};
			name = Debug;
		};
		3C53A981204F99970004D332 /* Release */ = {
			isa = XCBuildConfiguration;
			buildSettings = {
				ALWAYS_SEARCH_USER_PATHS = NO;
				CLANG_ANALYZER_NONNULL = YES;
				CLANG_ANALYZER_NUMBER_OBJECT_CONVERSION = YES_AGGRESSIVE;
				CLANG_CXX_LANGUAGE_STANDARD = "gnu++14";
				CLANG_CXX_LIBRARY = "libc++";
				CLANG_ENABLE_MODULES = YES;
				CLANG_ENABLE_OBJC_ARC = YES;
				CLANG_WARN_BLOCK_CAPTURE_AUTORELEASING = YES;
				CLANG_WARN_BOOL_CONVERSION = YES;
				CLANG_WARN_COMMA = YES;
				CLANG_WARN_CONSTANT_CONVERSION = YES;
				CLANG_WARN_DIRECT_OBJC_ISA_USAGE = YES_ERROR;
				CLANG_WARN_DOCUMENTATION_COMMENTS = YES;
				CLANG_WARN_EMPTY_BODY = YES;
				CLANG_WARN_ENUM_CONVERSION = YES;
				CLANG_WARN_INFINITE_RECURSION = YES;
				CLANG_WARN_INT_CONVERSION = YES;
				CLANG_WARN_NON_LITERAL_NULL_CONVERSION = YES;
				CLANG_WARN_OBJC_LITERAL_CONVERSION = YES;
				CLANG_WARN_OBJC_ROOT_CLASS = YES_ERROR;
				CLANG_WARN_RANGE_LOOP_ANALYSIS = YES;
				CLANG_WARN_STRICT_PROTOTYPES = YES;
				CLANG_WARN_SUSPICIOUS_MOVE = YES;
				CLANG_WARN_UNGUARDED_AVAILABILITY = YES_AGGRESSIVE;
				CLANG_WARN_UNREACHABLE_CODE = YES;
				CLANG_WARN__DUPLICATE_METHOD_MATCH = YES;
				CODE_SIGN_IDENTITY = "iPhone Developer";
				COPY_PHASE_STRIP = NO;
				DEBUG_INFORMATION_FORMAT = "dwarf-with-dsym";
				ENABLE_NS_ASSERTIONS = NO;
				ENABLE_STRICT_OBJC_MSGSEND = YES;
				GCC_C_LANGUAGE_STANDARD = gnu11;
				GCC_NO_COMMON_BLOCKS = YES;
				GCC_WARN_64_TO_32_BIT_CONVERSION = YES;
				GCC_WARN_ABOUT_RETURN_TYPE = YES_ERROR;
				GCC_WARN_UNDECLARED_SELECTOR = YES;
				GCC_WARN_UNINITIALIZED_AUTOS = YES_AGGRESSIVE;
				GCC_WARN_UNUSED_FUNCTION = YES;
				GCC_WARN_UNUSED_VARIABLE = YES;
				IPHONEOS_DEPLOYMENT_TARGET = 11.2;
				MTL_ENABLE_DEBUG_INFO = NO;
				SDKROOT = iphoneos;
				VALIDATE_PRODUCT = YES;
			};
			name = Release;
		};
		3C53A983204F99970004D332 /* Debug */ = {
			isa = XCBuildConfiguration;
			buildSettings = {
				ASSETCATALOG_COMPILER_APPICON_NAME = AppIcon;
				CODE_SIGN_STYLE = Automatic;
				INFOPLIST_FILE = YRJKit/Info.plist;
				LD_RUNPATH_SEARCH_PATHS = "$(inherited) @executable_path/Frameworks";
				PRODUCT_BUNDLE_IDENTIFIER = yurenjie.com.cn.YRJKit;
				PRODUCT_NAME = "$(TARGET_NAME)";
				TARGETED_DEVICE_FAMILY = "1,2";
			};
			name = Debug;
		};
		3C53A984204F99970004D332 /* Release */ = {
			isa = XCBuildConfiguration;
			buildSettings = {
				ASSETCATALOG_COMPILER_APPICON_NAME = AppIcon;
				CODE_SIGN_STYLE = Automatic;
				INFOPLIST_FILE = YRJKit/Info.plist;
				LD_RUNPATH_SEARCH_PATHS = "$(inherited) @executable_path/Frameworks";
				PRODUCT_BUNDLE_IDENTIFIER = yurenjie.com.cn.YRJKit;
				PRODUCT_NAME = "$(TARGET_NAME)";
				TARGETED_DEVICE_FAMILY = "1,2";
			};
			name = Release;
		};
/* End XCBuildConfiguration section */

/* Begin XCConfigurationList section */
		3C53A967204F99970004D332 /* Build configuration list for PBXProject "YRJKit" */ = {
			isa = XCConfigurationList;
			buildConfigurations = (
				3C53A980204F99970004D332 /* Debug */,
				3C53A981204F99970004D332 /* Release */,
			);
			defaultConfigurationIsVisible = 0;
			defaultConfigurationName = Release;
		};
		3C53A982204F99970004D332 /* Build configuration list for PBXNativeTarget "YRJKit" */ = {
			isa = XCConfigurationList;
			buildConfigurations = (
				3C53A983204F99970004D332 /* Debug */,
				3C53A984204F99970004D332 /* Release */,
			);
			defaultConfigurationIsVisible = 0;
			defaultConfigurationName = Release;
		};
/* End XCConfigurationList section */
	};
	rootObject = 3C53A964204F99970004D332 /* Project object */;
}
